// !$*UTF8*$!
{
	archiveVersion = 1;
	classes = {
	};
	objectVersion = 50;
	objects = {

/* Begin PBXBuildFile section */
		4426DB9C23DF74B300ABBEED /* WindMapClass.swift in Sources */ = {isa = PBXBuildFile; fileRef = 4426DB9B23DF74B300ABBEED /* WindMapClass.swift */; };
		4478693123DA3035006CB5CB /* EarthMapClass.swift in Sources */ = {isa = PBXBuildFile; fileRef = 4478693023DA3035006CB5CB /* EarthMapClass.swift */; };
		F45F4AFF23B3E7C20020333B /* AppDelegate.swift in Sources */ = {isa = PBXBuildFile; fileRef = F45F4AFE23B3E7C20020333B /* AppDelegate.swift */; };
		F45F4B0123B3E7C20020333B /* GameScene.sks in Resources */ = {isa = PBXBuildFile; fileRef = F45F4B0023B3E7C20020333B /* GameScene.sks */; };
		F45F4B0323B3E7C20020333B /* Actions.sks in Resources */ = {isa = PBXBuildFile; fileRef = F45F4B0223B3E7C20020333B /* Actions.sks */; };
		F45F4B0523B3E7C20020333B /* GameScene.swift in Sources */ = {isa = PBXBuildFile; fileRef = F45F4B0423B3E7C20020333B /* GameScene.swift */; };
		F45F4B0723B3E7C20020333B /* ViewController.swift in Sources */ = {isa = PBXBuildFile; fileRef = F45F4B0623B3E7C20020333B /* ViewController.swift */; };
		F45F4B0923B3E7C40020333B /* Assets.xcassets in Resources */ = {isa = PBXBuildFile; fileRef = F45F4B0823B3E7C40020333B /* Assets.xcassets */; };
		F45F4B0C23B3E7C40020333B /* Main.storyboard in Resources */ = {isa = PBXBuildFile; fileRef = F45F4B0A23B3E7C40020333B /* Main.storyboard */; };
		F45F4B1523B3E9E00020333B /* MapClass.swift in Sources */ = {isa = PBXBuildFile; fileRef = F45F4B1423B3E9E00020333B /* MapClass.swift */; };
		F45F4B1A23B4EBA60020333B /* random.swift in Sources */ = {isa = PBXBuildFile; fileRef = F45F4B1923B4EBA60020333B /* random.swift */; };
/* End PBXBuildFile section */

/* Begin PBXFileReference section */
		4426DB9B23DF74B300ABBEED /* WindMapClass.swift */ = {isa = PBXFileReference; lastKnownFileType = sourcecode.swift; path = WindMapClass.swift; sourceTree = "<group>"; };
		4478693023DA3035006CB5CB /* EarthMapClass.swift */ = {isa = PBXFileReference; lastKnownFileType = sourcecode.swift; path = EarthMapClass.swift; sourceTree = "<group>"; };
		F45F4AFB23B3E7C20020333B /* DungeonGen02.app */ = {isa = PBXFileReference; explicitFileType = wrapper.application; includeInIndex = 0; path = DungeonGen02.app; sourceTree = BUILT_PRODUCTS_DIR; };
		F45F4AFE23B3E7C20020333B /* AppDelegate.swift */ = {isa = PBXFileReference; lastKnownFileType = sourcecode.swift; path = AppDelegate.swift; sourceTree = "<group>"; };
		F45F4B0023B3E7C20020333B /* GameScene.sks */ = {isa = PBXFileReference; lastKnownFileType = file.sks; path = GameScene.sks; sourceTree = "<group>"; };
		F45F4B0223B3E7C20020333B /* Actions.sks */ = {isa = PBXFileReference; lastKnownFileType = file.sks; path = Actions.sks; sourceTree = "<group>"; };
		F45F4B0423B3E7C20020333B /* GameScene.swift */ = {isa = PBXFileReference; lastKnownFileType = sourcecode.swift; path = GameScene.swift; sourceTree = "<group>"; };
		F45F4B0623B3E7C20020333B /* ViewController.swift */ = {isa = PBXFileReference; lastKnownFileType = sourcecode.swift; path = ViewController.swift; sourceTree = "<group>"; };
		F45F4B0823B3E7C40020333B /* Assets.xcassets */ = {isa = PBXFileReference; lastKnownFileType = folder.assetcatalog; path = Assets.xcassets; sourceTree = "<group>"; };
		F45F4B0B23B3E7C40020333B /* Base */ = {isa = PBXFileReference; lastKnownFileType = file.storyboard; name = Base; path = Base.lproj/Main.storyboard; sourceTree = "<group>"; };
		F45F4B0D23B3E7C40020333B /* Info.plist */ = {isa = PBXFileReference; lastKnownFileType = text.plist.xml; path = Info.plist; sourceTree = "<group>"; };
		F45F4B0E23B3E7C40020333B /* DungeonGen02.entitlements */ = {isa = PBXFileReference; lastKnownFileType = text.plist.entitlements; path = DungeonGen02.entitlements; sourceTree = "<group>"; };
		F45F4B1423B3E9E00020333B /* MapClass.swift */ = {isa = PBXFileReference; lastKnownFileType = sourcecode.swift; path = MapClass.swift; sourceTree = "<group>"; };
		F45F4B1923B4EBA60020333B /* random.swift */ = {isa = PBXFileReference; fileEncoding = 4; lastKnownFileType = sourcecode.swift; path = random.swift; sourceTree = "<group>"; };
/* End PBXFileReference section */

/* Begin PBXFrameworksBuildPhase section */
		F45F4AF823B3E7C20020333B /* Frameworks */ = {
			isa = PBXFrameworksBuildPhase;
			buildActionMask = 2147483647;
			files = (
			);
			runOnlyForDeploymentPostprocessing = 0;
		};
/* End PBXFrameworksBuildPhase section */

/* Begin PBXGroup section */
		F45F4AF223B3E7C20020333B = {
			isa = PBXGroup;
			children = (
				F45F4AFD23B3E7C20020333B /* DungeonGen02 */,
				F45F4AFC23B3E7C20020333B /* Products */,
			);
			sourceTree = "<group>";
		};
		F45F4AFC23B3E7C20020333B /* Products */ = {
			isa = PBXGroup;
			children = (
				F45F4AFB23B3E7C20020333B /* DungeonGen02.app */,
			);
			name = Products;
			sourceTree = "<group>";
		};
		F45F4AFD23B3E7C20020333B /* DungeonGen02 */ = {
			isa = PBXGroup;
			children = (
				F45F4AFE23B3E7C20020333B /* AppDelegate.swift */,
				F45F4B0023B3E7C20020333B /* GameScene.sks */,
				F45F4B0223B3E7C20020333B /* Actions.sks */,
				F45F4B0423B3E7C20020333B /* GameScene.swift */,
				F45F4B0623B3E7C20020333B /* ViewController.swift */,
				F45F4B0823B3E7C40020333B /* Assets.xcassets */,
				F45F4B0A23B3E7C40020333B /* Main.storyboard */,
				F45F4B0D23B3E7C40020333B /* Info.plist */,
				F45F4B0E23B3E7C40020333B /* DungeonGen02.entitlements */,
				F45F4B1423B3E9E00020333B /* MapClass.swift */,
				4478693023DA3035006CB5CB /* EarthMapClass.swift */,
				4426DB9B23DF74B300ABBEED /* WindMapClass.swift */,
				F45F4B1923B4EBA60020333B /* random.swift */,
			);
			path = DungeonGen02;
			sourceTree = "<group>";
		};
/* End PBXGroup section */

/* Begin PBXNativeTarget section */
		F45F4AFA23B3E7C20020333B /* DungeonGen02 */ = {
			isa = PBXNativeTarget;
			buildConfigurationList = F45F4B1123B3E7C40020333B /* Build configuration list for PBXNativeTarget "DungeonGen02" */;
			buildPhases = (
				F45F4AF723B3E7C20020333B /* Sources */,
				F45F4AF823B3E7C20020333B /* Frameworks */,
				F45F4AF923B3E7C20020333B /* Resources */,
			);
			buildRules = (
			);
			dependencies = (
			);
			name = DungeonGen02;
			productName = DungeonGen02;
			productReference = F45F4AFB23B3E7C20020333B /* DungeonGen02.app */;
			productType = "com.apple.product-type.application";
		};
/* End PBXNativeTarget section */

/* Begin PBXProject section */
		F45F4AF323B3E7C20020333B /* Project object */ = {
			isa = PBXProject;
			attributes = {
				LastSwiftUpdateCheck = 1130;
				LastUpgradeCheck = 1130;
				ORGANIZATIONNAME = "LCS Game Design";
				TargetAttributes = {
					F45F4AFA23B3E7C20020333B = {
						CreatedOnToolsVersion = 11.3;
					};
				};
			};
			buildConfigurationList = F45F4AF623B3E7C20020333B /* Build configuration list for PBXProject "DungeonGen02" */;
			compatibilityVersion = "Xcode 9.3";
			developmentRegion = en;
			hasScannedForEncodings = 0;
			knownRegions = (
				en,
				Base,
			);
			mainGroup = F45F4AF223B3E7C20020333B;
			productRefGroup = F45F4AFC23B3E7C20020333B /* Products */;
			projectDirPath = "";
			projectRoot = "";
			targets = (
				F45F4AFA23B3E7C20020333B /* DungeonGen02 */,
			);
		};
/* End PBXProject section */

/* Begin PBXResourcesBuildPhase section */
		F45F4AF923B3E7C20020333B /* Resources */ = {
			isa = PBXResourcesBuildPhase;
			buildActionMask = 2147483647;
			files = (
				F45F4B0123B3E7C20020333B /* GameScene.sks in Resources */,
				F45F4B0923B3E7C40020333B /* Assets.xcassets in Resources */,
				F45F4B0323B3E7C20020333B /* Actions.sks in Resources */,
				F45F4B0C23B3E7C40020333B /* Main.storyboard in Resources */,
			);
			runOnlyForDeploymentPostprocessing = 0;
		};
/* End PBXResourcesBuildPhase section */

/* Begin PBXSourcesBuildPhase section */
		F45F4AF723B3E7C20020333B /* Sources */ = {
			isa = PBXSourcesBuildPhase;
			buildActionMask = 2147483647;
			files = (
				F45F4B0723B3E7C20020333B /* ViewController.swift in Sources */,
				F45F4B1523B3E9E00020333B /* MapClass.swift in Sources */,
				4478693123DA3035006CB5CB /* EarthMapClass.swift in Sources */,
				4426DB9C23DF74B300ABBEED /* WindMapClass.swift in Sources */,
				F45F4B0523B3E7C20020333B /* GameScene.swift in Sources */,
				F45F4B1A23B4EBA60020333B /* random.swift in Sources */,
				F45F4AFF23B3E7C20020333B /* AppDelegate.swift in Sources */,
			);
			runOnlyForDeploymentPostprocessing = 0;
		};
/* End PBXSourcesBuildPhase section */

/* Begin PBXVariantGroup section */
		F45F4B0A23B3E7C40020333B /* Main.storyboard */ = {
			isa = PBXVariantGroup;
			children = (
				F45F4B0B23B3E7C40020333B /* Base */,
			);
			name = Main.storyboard;
			sourceTree = "<group>";
		};
/* End PBXVariantGroup section */

/* Begin XCBuildConfiguration section */
		F45F4B0F23B3E7C40020333B /* Debug */ = {
			isa = XCBuildConfiguration;
			buildSettings = {
				ALWAYS_SEARCH_USER_PATHS = NO;
				CLANG_ANALYZER_NONNULL = YES;
				CLANG_ANALYZER_NUMBER_OBJECT_CONVERSION = YES_AGGRESSIVE;
				CLANG_CXX_LANGUAGE_STANDARD = "gnu++14";
				CLANG_CXX_LIBRARY = "libc++";
				CLANG_ENABLE_MODULES = YES;
				CLANG_ENABLE_OBJC_ARC = YES;
				CLANG_ENABLE_OBJC_WEAK = YES;
				CLANG_WARN_BLOCK_CAPTURE_AUTORELEASING = YES;
				CLANG_WARN_BOOL_CONVERSION = YES;
				CLANG_WARN_COMMA = YES;
				CLANG_WARN_CONSTANT_CONVERSION = YES;
				CLANG_WARN_DEPRECATED_OBJC_IMPLEMENTATIONS = YES;
				CLANG_WARN_DIRECT_OBJC_ISA_USAGE = YES_ERROR;
				CLANG_WARN_DOCUMENTATION_COMMENTS = YES;
				CLANG_WARN_EMPTY_BODY = YES;
				CLANG_WARN_ENUM_CONVERSION = YES;
				CLANG_WARN_INFINITE_RECURSION = YES;
				CLANG_WARN_INT_CONVERSION = YES;
				CLANG_WARN_NON_LITERAL_NULL_CONVERSION = YES;
				CLANG_WARN_OBJC_IMPLICIT_RETAIN_SELF = YES;
				CLANG_WARN_OBJC_LITERAL_CONVERSION = YES;
				CLANG_WARN_OBJC_ROOT_CLASS = YES_ERROR;
				CLANG_WARN_RANGE_LOOP_ANALYSIS = YES;
				CLANG_WARN_STRICT_PROTOTYPES = YES;
				CLANG_WARN_SUSPICIOUS_MOVE = YES;
				CLANG_WARN_UNGUARDED_AVAILABILITY = YES_AGGRESSIVE;
				CLANG_WARN_UNREACHABLE_CODE = YES;
				CLANG_WARN__DUPLICATE_METHOD_MATCH = YES;
				COPY_PHASE_STRIP = NO;
				DEBUG_INFORMATION_FORMAT = dwarf;
				ENABLE_STRICT_OBJC_MSGSEND = YES;
				ENABLE_TESTABILITY = YES;
				GCC_C_LANGUAGE_STANDARD = gnu11;
				GCC_DYNAMIC_NO_PIC = NO;
				GCC_NO_COMMON_BLOCKS = YES;
				GCC_OPTIMIZATION_LEVEL = 0;
				GCC_PREPROCESSOR_DEFINITIONS = (
					"DEBUG=1",
					"$(inherited)",
				);
				GCC_WARN_64_TO_32_BIT_CONVERSION = YES;
				GCC_WARN_ABOUT_RETURN_TYPE = YES_ERROR;
				GCC_WARN_UNDECLARED_SELECTOR = YES;
				GCC_WARN_UNINITIALIZED_AUTOS = YES_AGGRESSIVE;
				GCC_WARN_UNUSED_FUNCTION = YES;
				GCC_WARN_UNUSED_VARIABLE = YES;
				MACOSX_DEPLOYMENT_TARGET = 10.14;
				MTL_ENABLE_DEBUG_INFO = INCLUDE_SOURCE;
				MTL_FAST_MATH = YES;
				ONLY_ACTIVE_ARCH = YES;
				SDKROOT = macosx;
				SWIFT_ACTIVE_COMPILATION_CONDITIONS = DEBUG;
				SWIFT_OPTIMIZATION_LEVEL = "-Onone";
			};
			name = Debug;
		};
		F45F4B1023B3E7C40020333B /* Release */ = {
			isa = XCBuildConfiguration;
			buildSettings = {
				ALWAYS_SEARCH_USER_PATHS = NO;
				CLANG_ANALYZER_NONNULL = YES;
				CLANG_ANALYZER_NUMBER_OBJECT_CONVERSION = YES_AGGRESSIVE;
				CLANG_CXX_LANGUAGE_STANDARD = "gnu++14";
				CLANG_CXX_LIBRARY = "libc++";
				CLANG_ENABLE_MODULES = YES;
				CLANG_ENABLE_OBJC_ARC = YES;
				CLANG_ENABLE_OBJC_WEAK = YES;
				CLANG_WARN_BLOCK_CAPTURE_AUTORELEASING = YES;
				CLANG_WARN_BOOL_CONVERSION = YES;
				CLANG_WARN_COMMA = YES;
				CLANG_WARN_CONSTANT_CONVERSION = YES;
				CLANG_WARN_DEPRECATED_OBJC_IMPLEMENTATIONS = YES;
				CLANG_WARN_DIRECT_OBJC_ISA_USAGE = YES_ERROR;
				CLANG_WARN_DOCUMENTATION_COMMENTS = YES;
				CLANG_WARN_EMPTY_BODY = YES;
				CLANG_WARN_ENUM_CONVERSION = YES;
				CLANG_WARN_INFINITE_RECURSION = YES;
				CLANG_WARN_INT_CONVERSION = YES;
				CLANG_WARN_NON_LITERAL_NULL_CONVERSION = YES;
				CLANG_WARN_OBJC_IMPLICIT_RETAIN_SELF = YES;
				CLANG_WARN_OBJC_LITERAL_CONVERSION = YES;
				CLANG_WARN_OBJC_ROOT_CLASS = YES_ERROR;
				CLANG_WARN_RANGE_LOOP_ANALYSIS = YES;
				CLANG_WARN_STRICT_PROTOTYPES = YES;
				CLANG_WARN_SUSPICIOUS_MOVE = YES;
				CLANG_WARN_UNGUARDED_AVAILABILITY = YES_AGGRESSIVE;
				CLANG_WARN_UNREACHABLE_CODE = YES;
				CLANG_WARN__DUPLICATE_METHOD_MATCH = YES;
				COPY_PHASE_STRIP = NO;
				DEBUG_INFORMATION_FORMAT = "dwarf-with-dsym";
				ENABLE_NS_ASSERTIONS = NO;
				ENABLE_STRICT_OBJC_MSGSEND = YES;
				GCC_C_LANGUAGE_STANDARD = gnu11;
				GCC_NO_COMMON_BLOCKS = YES;
				GCC_WARN_64_TO_32_BIT_CONVERSION = YES;
				GCC_WARN_ABOUT_RETURN_TYPE = YES_ERROR;
				GCC_WARN_UNDECLARED_SELECTOR = YES;
				GCC_WARN_UNINITIALIZED_AUTOS = YES_AGGRESSIVE;
				GCC_WARN_UNUSED_FUNCTION = YES;
				GCC_WARN_UNUSED_VARIABLE = YES;
				MACOSX_DEPLOYMENT_TARGET = 10.14;
				MTL_ENABLE_DEBUG_INFO = NO;
				MTL_FAST_MATH = YES;
				SDKROOT = macosx;
				SWIFT_COMPILATION_MODE = wholemodule;
				SWIFT_OPTIMIZATION_LEVEL = "-O";
			};
			name = Release;
		};
		F45F4B1223B3E7C40020333B /* Debug */ = {
			isa = XCBuildConfiguration;
			buildSettings = {
				ASSETCATALOG_COMPILER_APPICON_NAME = AppIcon;
				CODE_SIGN_ENTITLEMENTS = DungeonGen02/DungeonGen02.entitlements;
				CODE_SIGN_STYLE = Automatic;
				COMBINE_HIDPI_IMAGES = YES;
				INFOPLIST_FILE = DungeonGen02/Info.plist;
				LD_RUNPATH_SEARCH_PATHS = (
					"$(inherited)",
					"@executable_path/../Frameworks",
				);
				PRODUCT_BUNDLE_IDENTIFIER = LCS.DungeonGen02;
				PRODUCT_NAME = "$(TARGET_NAME)";
				SWIFT_VERSION = 5.0;
			};
			name = Debug;
		};
		F45F4B1323B3E7C40020333B /* Release */ = {
			isa = XCBuildConfiguration;
			buildSettings = {
				ASSETCATALOG_COMPILER_APPICON_NAME = AppIcon;
				CODE_SIGN_ENTITLEMENTS = DungeonGen02/DungeonGen02.entitlements;
				CODE_SIGN_STYLE = Automatic;
				COMBINE_HIDPI_IMAGES = YES;
				INFOPLIST_FILE = DungeonGen02/Info.plist;
				LD_RUNPATH_SEARCH_PATHS = (
					"$(inherited)",
					"@executable_path/../Frameworks",
				);
				PRODUCT_BUNDLE_IDENTIFIER = LCS.DungeonGen02;
				PRODUCT_NAME = "$(TARGET_NAME)";
				SWIFT_VERSION = 5.0;
			};
			name = Release;
		};
/* End XCBuildConfiguration section */

/* Begin XCConfigurationList section */
		F45F4AF623B3E7C20020333B /* Build configuration list for PBXProject "DungeonGen02" */ = {
			isa = XCConfigurationList;
			buildConfigurations = (
				F45F4B0F23B3E7C40020333B /* Debug */,
				F45F4B1023B3E7C40020333B /* Release */,
			);
			defaultConfigurationIsVisible = 0;
			defaultConfigurationName = Release;
		};
		F45F4B1123B3E7C40020333B /* Build configuration list for PBXNativeTarget "DungeonGen02" */ = {
			isa = XCConfigurationList;
			buildConfigurations = (
				F45F4B1223B3E7C40020333B /* Debug */,
				F45F4B1323B3E7C40020333B /* Release */,
			);
			defaultConfigurationIsVisible = 0;
			defaultConfigurationName = Release;
		};
/* End XCConfigurationList section */
	};
	rootObject = F45F4AF323B3E7C20020333B /* Project object */;
}
